
Microsoft Visual Studio Solution File, Format Version 12.00
# Visual Studio Version 16
VisualStudioVersion = 16.0.808.1
MinimumVisualStudioVersion = 10.0.40219.1
Project("{9A19103F-16F7-4668-BE54-9A1E7A4F7556}") = "Multilanguage", "Multilanguage\Multilanguage.csproj", "{B8429203-C8E3-4869-8840-37D16569644E}"
EndProject
Project("{FAE04EC0-301F-11D3-BF4B-00C04F79EFBC}") = "Multi", "Multi\Multi.csproj", "{D4085527-B2D6-48A0-A287-B4463BB72017}"
EndProject
Global
	GlobalSection(SolutionConfigurationPlatforms) = preSolution
		Debug|Any CPU = Debug|Any CPU
		Release|Any CPU = Release|Any CPU
	EndGlobalSection
	GlobalSection(ProjectConfigurationPlatforms) = postSolution
		{B8429203-C8E3-4869-8840-37D16569644E}.Debug|Any CPU.ActiveCfg = Debug|Any CPU
		{B8429203-C8E3-4869-8840-37D16569644E}.Debug|Any CPU.Build.0 = Debug|Any CPU
		{B8429203-C8E3-4869-8840-37D16569644E}.Release|Any CPU.ActiveCfg = Release|Any CPU
		{B8429203-C8E3-4869-8840-37D16569644E}.Release|Any CPU.Build.0 = Release|Any CPU
		{D4085527-B2D6-48A0-A287-B4463BB72017}.Debug|Any CPU.ActiveCfg = Debug|Any CPU
		{D4085527-B2D6-48A0-A287-B4463BB72017}.Debug|Any CPU.Build.0 = Debug|Any CPU
		{D4085527-B2D6-48A0-A287-B4463BB72017}.Release|Any CPU.ActiveCfg = Release|Any CPU
		{D4085527-B2D6-48A0-A287-B4463BB72017}.Release|Any CPU.Build.0 = Release|Any CPU
	EndGlobalSection
	GlobalSection(SolutionProperties) = preSolution
		HideSolutionNode = FALSE
	EndGlobalSection
	GlobalSection(ExtensibilityGlobals) = postSolution
		SolutionGuid = {57F0F048-8493-49C8-8F82-790EC05AA6F0}
	EndGlobalSection
EndGlobal
